
Microsoft Visual Studio Solution File, Format Version 12.00
# Visual Studio 15
Project("{FAE04EC0-301F-11D3-BF4B-00C04F79EFBC}") = "GameAssembly", "GameAssembly.csproj", "{2DD6259D-8AF4-63BD-7C4D-A3765A373171}"
EndProject
Project("{FAE04EC0-301F-11D3-BF4B-00C04F79EFBC}") = "Tests", "Tests.csproj", "{B7E9A3B4-23DB-FB85-155B-9EC36CBCA18A}"
EndProject
Global
	GlobalSection(SolutionConfigurationPlatforms) = preSolution
		Debug|Any CPU = Debug|Any CPU
		Release|Any CPU = Release|Any CPU
	EndGlobalSection
	GlobalSection(ProjectConfigurationPlatforms) = postSolution
		{2DD6259D-8AF4-63BD-7C4D-A3765A373171}.Debug|Any CPU.ActiveCfg = Debug|Any CPU
		{2DD6259D-8AF4-63BD-7C4D-A3765A373171}.Debug|Any CPU.Build.0 = Debug|Any CPU
		{2DD6259D-8AF4-63BD-7C4D-A3765A373171}.Release|Any CPU.ActiveCfg = Release|Any CPU
		{2DD6259D-8AF4-63BD-7C4D-A3765A373171}.Release|Any CPU.Build.0 = Release|Any CPU
		{B7E9A3B4-23DB-FB85-155B-9EC36CBCA18A}.Debug|Any CPU.ActiveCfg = Debug|Any CPU
		{B7E9A3B4-23DB-FB85-155B-9EC36CBCA18A}.Debug|Any CPU.Build.0 = Debug|Any CPU
		{B7E9A3B4-23DB-FB85-155B-9EC36CBCA18A}.Release|Any CPU.ActiveCfg = Release|Any CPU
		{B7E9A3B4-23DB-FB85-155B-9EC36CBCA18A}.Release|Any CPU.Build.0 = Release|Any CPU
	EndGlobalSection
	GlobalSection(SolutionProperties) = preSolution
		HideSolutionNode = FALSE
	EndGlobalSection
EndGlobal
